
Microsoft Visual Studio Solution File, Format Version 12.00
# Visual Studio Version 17
VisualStudioVersion = 17.2.32602.215
MinimumVisualStudioVersion = 10.0.40219.1
Project("{FAE04EC0-301F-11D3-BF4B-00C04F79EFBC}") = "WinFormsApp1", "WinFormsApp1\WinFormsApp1.csproj", "{80098D8A-CD49-485D-AE51-777DB7A29C4B}"
EndProject
Global
	GlobalSection(SolutionConfigurationPlatforms) = preSolution
		Debug|Any CPU = Debug|Any CPU
		Release|Any CPU = Release|Any CPU
	EndGlobalSection
	GlobalSection(ProjectConfigurationPlatforms) = postSolution
		{80098D8A-CD49-485D-AE51-777DB7A29C4B}.Debug|Any CPU.ActiveCfg = Debug|Any CPU
		{80098D8A-CD49-485D-AE51-777DB7A29C4B}.Debug|Any CPU.Build.0 = Debug|Any CPU
		{80098D8A-CD49-485D-AE51-777DB7A29C4B}.Release|Any CPU.ActiveCfg = Release|Any CPU
		{80098D8A-CD49-485D-AE51-777DB7A29C4B}.Release|Any CPU.Build.0 = Release|Any CPU
	EndGlobalSection
	GlobalSection(SolutionProperties) = preSolution
		HideSolutionNode = FALSE
	EndGlobalSection
	GlobalSection(ExtensibilityGlobals) = postSolution
		SolutionGuid = {51C8C238-BB33-493D-BCF5-F90C8CE66DCF}
	EndGlobalSection
EndGlobal
